schema: '2.0'
stages:
  data_ingestion:
    cmd: python src/data/data_ingestion.py
    deps:
    - path: src/data/data_ingestion.py
      hash: md5
      md5: 2dacb37c586feb149ff643a44fc6837d
      size: 3983
    params:
      params.yaml:
        data_ingestion.test_size: 0.2
    outs:
    - path: data/raw
      hash: md5
      md5: fb326d2eec197669f9638afde28356bf.dir
      size: 827973
      nfiles: 2
  data_preprocessing:
    cmd: python src/data/data_preprocessing.py
    deps:
    - path: data/raw
      hash: md5
      md5: fb326d2eec197669f9638afde28356bf.dir
      size: 827973
      nfiles: 2
    - path: src/data/data_preprocessing.py
      hash: md5
      md5: 82769963ac2dbe413651ccc4965f1500
      size: 5273
    outs:
    - path: data/interim
      hash: md5
      md5: a8c1d770d13d63e37c3715afd41521af.dir
      size: 566210
      nfiles: 2
  feature_engineering:
    cmd: python src/features/feature_engineering.py
    deps:
    - path: data/interim
      hash: md5
      md5: a8c1d770d13d63e37c3715afd41521af.dir
      size: 566210
      nfiles: 2
    - path: src/features/feature_engineering.py
      hash: md5
      md5: 8a052bb263d833fcee3f009db36c6ac8
      size: 7774
    params:
      params.yaml:
        feature_engineering.max_features: 100
    outs:
    - path: data/processed
      hash: md5
      md5: accdec2100284971dd1422af43f346c0.dir
      size: 4534613
      nfiles: 2
  model_building:
    cmd: python src/model/model_building.py
    deps:
    - path: data/processed/train_tfidf.csv
      hash: md5
      md5: 6b96cb2ac9db84aff03b3a4d6dd4e75d
      size: 3628393
    - path: src/model/model_building.py
      hash: md5
      md5: 0477572375d70deabd7849178bd827ad
      size: 4500
    params:
      params.yaml:
        model_building.learning_rate: 0.1
        model_building.n_estimators: 25
    outs:
    - path: models/model.pkl
      hash: md5
      md5: 796b1b913e603568e868425e478668d7
      size: 39490
  model_evaluation:
    cmd: python src/model/model_evaluation.py
    deps:
    - path: data/processed/test_tfidf.csv
      hash: md5
      md5: a1ae688e9a795f7df38fc8b75cf73daf
      size: 906220
    - path: models/model.pkl
      hash: md5
      md5: 796b1b913e603568e868425e478668d7
      size: 39490
    - path: src/model/model_evaluation.py
      hash: md5
      md5: fee6e6b5b752080e4d8b8652b4a4e09e
      size: 4476
    outs:
    - path: reports/metrics.json
      hash: md5
      md5: 3ecc0e7fbf09a046bbf581d66d248fbf
      size: 146
